{
  "name": "splitjs-blazor",
  "version": "0.1.0",
  "lockfileVersion": 1,
  "requires": true,
  "dependencies": {
    "split.js": {
      "version": "1.6.4",
      "resolved": "https://registry.npmjs.org/split.js/-/split.js-1.6.4.tgz",
      "integrity": "sha512-kYmQZprRJrF1IOjg/E+gdBEsKFv5kbgUE6RJVJZvrIzTOK/IHzKSqIeiJnWs7IP5D9TnpTQ2CbanuDuIWcyDUQ=="
    }
  }
}
